// !$*UTF8*$!
{
	archiveVersion = 1;
	classes = {
	};
	objectVersion = 56;
	objects = {

/* Begin PBXBuildFile section */
		A04A94A42BBDC44800B8D725 /* _40403_Turismo_MadridApp.swift in Sources */ = {isa = PBXBuildFile; fileRef = A04A94A32BBDC44800B8D725 /* _40403_Turismo_MadridApp.swift */; };
		A04A94A62BBDC44800B8D725 /* ContentView.swift in Sources */ = {isa = PBXBuildFile; fileRef = A04A94A52BBDC44800B8D725 /* ContentView.swift */; };
		A04A94A82BBDC44900B8D725 /* Assets.xcassets in Resources */ = {isa = PBXBuildFile; fileRef = A04A94A72BBDC44900B8D725 /* Assets.xcassets */; };
		A04A94AB2BBDC44900B8D725 /* Preview Assets.xcassets in Resources */ = {isa = PBXBuildFile; fileRef = A04A94AA2BBDC44900B8D725 /* Preview Assets.xcassets */; };
		A04A94B52BBDC44900B8D725 /* _40403_Turismo_MadridTests.swift in Sources */ = {isa = PBXBuildFile; fileRef = A04A94B42BBDC44900B8D725 /* _40403_Turismo_MadridTests.swift */; };
		A04A94BF2BBDC44900B8D725 /* _40403_Turismo_MadridUITests.swift in Sources */ = {isa = PBXBuildFile; fileRef = A04A94BE2BBDC44900B8D725 /* _40403_Turismo_MadridUITests.swift */; };
		A04A94C12BBDC44900B8D725 /* _40403_Turismo_MadridUITestsLaunchTests.swift in Sources */ = {isa = PBXBuildFile; fileRef = A04A94C02BBDC44900B8D725 /* _40403_Turismo_MadridUITestsLaunchTests.swift */; };
		A04A94CE2BBDC4AA00B8D725 /* PuntoVisitado.swift in Sources */ = {isa = PBXBuildFile; fileRef = A04A94CD2BBDC4AA00B8D725 /* PuntoVisitado.swift */; };
/* End PBXBuildFile section */

/* Begin PBXContainerItemProxy section */
		A04A94B12BBDC44900B8D725 /* PBXContainerItemProxy */ = {
			isa = PBXContainerItemProxy;
			containerPortal = A04A94982BBDC44800B8D725 /* Project object */;
			proxyType = 1;
			remoteGlobalIDString = A04A949F2BBDC44800B8D725;
			remoteInfo = "240403 Turismo Madrid";
		};
		A04A94BB2BBDC44900B8D725 /* PBXContainerItemProxy */ = {
			isa = PBXContainerItemProxy;
			containerPortal = A04A94982BBDC44800B8D725 /* Project object */;
			proxyType = 1;
			remoteGlobalIDString = A04A949F2BBDC44800B8D725;
			remoteInfo = "240403 Turismo Madrid";
		};
/* End PBXContainerItemProxy section */

/* Begin PBXFileReference section */
		A04A94A02BBDC44800B8D725 /* 240403 Turismo Madrid.app */ = {isa = PBXFileReference; explicitFileType = wrapper.application; includeInIndex = 0; path = "240403 Turismo Madrid.app"; sourceTree = BUILT_PRODUCTS_DIR; };
		A04A94A32BBDC44800B8D725 /* _40403_Turismo_MadridApp.swift */ = {isa = PBXFileReference; lastKnownFileType = sourcecode.swift; path = _40403_Turismo_MadridApp.swift; sourceTree = "<group>"; };
		A04A94A52BBDC44800B8D725 /* ContentView.swift */ = {isa = PBXFileReference; lastKnownFileType = sourcecode.swift; path = ContentView.swift; sourceTree = "<group>"; };
		A04A94A72BBDC44900B8D725 /* Assets.xcassets */ = {isa = PBXFileReference; lastKnownFileType = folder.assetcatalog; path = Assets.xcassets; sourceTree = "<group>"; };
		A04A94AA2BBDC44900B8D725 /* Preview Assets.xcassets */ = {isa = PBXFileReference; lastKnownFileType = folder.assetcatalog; path = "Preview Assets.xcassets"; sourceTree = "<group>"; };
		A04A94B02BBDC44900B8D725 /* 240403 Turismo MadridTests.xctest */ = {isa = PBXFileReference; explicitFileType = wrapper.cfbundle; includeInIndex = 0; path = "240403 Turismo MadridTests.xctest"; sourceTree = BUILT_PRODUCTS_DIR; };
		A04A94B42BBDC44900B8D725 /* _40403_Turismo_MadridTests.swift */ = {isa = PBXFileReference; lastKnownFileType = sourcecode.swift; path = _40403_Turismo_MadridTests.swift; sourceTree = "<group>"; };
		A04A94BA2BBDC44900B8D725 /* 240403 Turismo MadridUITests.xctest */ = {isa = PBXFileReference; explicitFileType = wrapper.cfbundle; includeInIndex = 0; path = "240403 Turismo MadridUITests.xctest"; sourceTree = BUILT_PRODUCTS_DIR; };
		A04A94BE2BBDC44900B8D725 /* _40403_Turismo_MadridUITests.swift */ = {isa = PBXFileReference; lastKnownFileType = sourcecode.swift; path = _40403_Turismo_MadridUITests.swift; sourceTree = "<group>"; };
		A04A94C02BBDC44900B8D725 /* _40403_Turismo_MadridUITestsLaunchTests.swift */ = {isa = PBXFileReference; lastKnownFileType = sourcecode.swift; path = _40403_Turismo_MadridUITestsLaunchTests.swift; sourceTree = "<group>"; };
		A04A94CD2BBDC4AA00B8D725 /* PuntoVisitado.swift */ = {isa = PBXFileReference; lastKnownFileType = sourcecode.swift; path = PuntoVisitado.swift; sourceTree = "<group>"; };
/* End PBXFileReference section */

/* Begin PBXFrameworksBuildPhase section */
		A04A949D2BBDC44800B8D725 /* Frameworks */ = {
			isa = PBXFrameworksBuildPhase;
			buildActionMask = 2147483647;
			files = (
			);
			runOnlyForDeploymentPostprocessing = 0;
		};
		A04A94AD2BBDC44900B8D725 /* Frameworks */ = {
			isa = PBXFrameworksBuildPhase;
			buildActionMask = 2147483647;
			files = (
			);
			runOnlyForDeploymentPostprocessing = 0;
		};
		A04A94B72BBDC44900B8D725 /* Frameworks */ = {
			isa = PBXFrameworksBuildPhase;
			buildActionMask = 2147483647;
			files = (
			);
			runOnlyForDeploymentPostprocessing = 0;
		};
/* End PBXFrameworksBuildPhase section */

/* Begin PBXGroup section */
		A04A94972BBDC44800B8D725 = {
			isa = PBXGroup;
			children = (
				A04A94A22BBDC44800B8D725 /* 240403 Turismo Madrid */,
				A04A94B32BBDC44900B8D725 /* 240403 Turismo MadridTests */,
				A04A94BD2BBDC44900B8D725 /* 240403 Turismo MadridUITests */,
				A04A94A12BBDC44800B8D725 /* Products */,
			);
			sourceTree = "<group>";
		};
		A04A94A12BBDC44800B8D725 /* Products */ = {
			isa = PBXGroup;
			children = (
				A04A94A02BBDC44800B8D725 /* 240403 Turismo Madrid.app */,
				A04A94B02BBDC44900B8D725 /* 240403 Turismo MadridTests.xctest */,
				A04A94BA2BBDC44900B8D725 /* 240403 Turismo MadridUITests.xctest */,
			);
			name = Products;
			sourceTree = "<group>";
		};
		A04A94A22BBDC44800B8D725 /* 240403 Turismo Madrid */ = {
			isa = PBXGroup;
			children = (
				A04A94A32BBDC44800B8D725 /* _40403_Turismo_MadridApp.swift */,
				A04A94A52BBDC44800B8D725 /* ContentView.swift */,
				A04A94A72BBDC44900B8D725 /* Assets.xcassets */,
				A04A94A92BBDC44900B8D725 /* Preview Content */,
				A04A94CD2BBDC4AA00B8D725 /* PuntoVisitado.swift */,
			);
			path = "240403 Turismo Madrid";
			sourceTree = "<group>";
		};
		A04A94A92BBDC44900B8D725 /* Preview Content */ = {
			isa = PBXGroup;
			children = (
				A04A94AA2BBDC44900B8D725 /* Preview Assets.xcassets */,
			);
			path = "Preview Content";
			sourceTree = "<group>";
		};
		A04A94B32BBDC44900B8D725 /* 240403 Turismo MadridTests */ = {
			isa = PBXGroup;
			children = (
				A04A94B42BBDC44900B8D725 /* _40403_Turismo_MadridTests.swift */,
			);
			path = "240403 Turismo MadridTests";
			sourceTree = "<group>";
		};
		A04A94BD2BBDC44900B8D725 /* 240403 Turismo MadridUITests */ = {
			isa = PBXGroup;
			children = (
				A04A94BE2BBDC44900B8D725 /* _40403_Turismo_MadridUITests.swift */,
				A04A94C02BBDC44900B8D725 /* _40403_Turismo_MadridUITestsLaunchTests.swift */,
			);
			path = "240403 Turismo MadridUITests";
			sourceTree = "<group>";
		};
/* End PBXGroup section */

/* Begin PBXNativeTarget section */
		A04A949F2BBDC44800B8D725 /* 240403 Turismo Madrid */ = {
			isa = PBXNativeTarget;
			buildConfigurationList = A04A94C42BBDC44900B8D725 /* Build configuration list for PBXNativeTarget "240403 Turismo Madrid" */;
			buildPhases = (
				A04A949C2BBDC44800B8D725 /* Sources */,
				A04A949D2BBDC44800B8D725 /* Frameworks */,
				A04A949E2BBDC44800B8D725 /* Resources */,
			);
			buildRules = (
			);
			dependencies = (
			);
			name = "240403 Turismo Madrid";
			productName = "240403 Turismo Madrid";
			productReference = A04A94A02BBDC44800B8D725 /* 240403 Turismo Madrid.app */;
			productType = "com.apple.product-type.application";
		};
		A04A94AF2BBDC44900B8D725 /* 240403 Turismo MadridTests */ = {
			isa = PBXNativeTarget;
			buildConfigurationList = A04A94C72BBDC44900B8D725 /* Build configuration list for PBXNativeTarget "240403 Turismo MadridTests" */;
			buildPhases = (
				A04A94AC2BBDC44900B8D725 /* Sources */,
				A04A94AD2BBDC44900B8D725 /* Frameworks */,
				A04A94AE2BBDC44900B8D725 /* Resources */,
			);
			buildRules = (
			);
			dependencies = (
				A04A94B22BBDC44900B8D725 /* PBXTargetDependency */,
			);
			name = "240403 Turismo MadridTests";
			productName = "240403 Turismo MadridTests";
			productReference = A04A94B02BBDC44900B8D725 /* 240403 Turismo MadridTests.xctest */;
			productType = "com.apple.product-type.bundle.unit-test";
		};
		A04A94B92BBDC44900B8D725 /* 240403 Turismo MadridUITests */ = {
			isa = PBXNativeTarget;
			buildConfigurationList = A04A94CA2BBDC44900B8D725 /* Build configuration list for PBXNativeTarget "240403 Turismo MadridUITests" */;
			buildPhases = (
				A04A94B62BBDC44900B8D725 /* Sources */,
				A04A94B72BBDC44900B8D725 /* Frameworks */,
				A04A94B82BBDC44900B8D725 /* Resources */,
			);
			buildRules = (
			);
			dependencies = (
				A04A94BC2BBDC44900B8D725 /* PBXTargetDependency */,
			);
			name = "240403 Turismo MadridUITests";
			productName = "240403 Turismo MadridUITests";
			productReference = A04A94BA2BBDC44900B8D725 /* 240403 Turismo MadridUITests.xctest */;
			productType = "com.apple.product-type.bundle.ui-testing";
		};
/* End PBXNativeTarget section */

/* Begin PBXProject section */
		A04A94982BBDC44800B8D725 /* Project object */ = {
			isa = PBXProject;
			attributes = {
				BuildIndependentTargetsInParallel = 1;
				LastSwiftUpdateCheck = 1420;
				LastUpgradeCheck = 1420;
				TargetAttributes = {
					A04A949F2BBDC44800B8D725 = {
						CreatedOnToolsVersion = 14.2;
					};
					A04A94AF2BBDC44900B8D725 = {
						CreatedOnToolsVersion = 14.2;
						TestTargetID = A04A949F2BBDC44800B8D725;
					};
					A04A94B92BBDC44900B8D725 = {
						CreatedOnToolsVersion = 14.2;
						TestTargetID = A04A949F2BBDC44800B8D725;
					};
				};
			};
			buildConfigurationList = A04A949B2BBDC44800B8D725 /* Build configuration list for PBXProject "240403 Turismo Madrid" */;
			compatibilityVersion = "Xcode 14.0";
			developmentRegion = en;
			hasScannedForEncodings = 0;
			knownRegions = (
				en,
				Base,
			);
			mainGroup = A04A94972BBDC44800B8D725;
			productRefGroup = A04A94A12BBDC44800B8D725 /* Products */;
			projectDirPath = "";
			projectRoot = "";
			targets = (
				A04A949F2BBDC44800B8D725 /* 240403 Turismo Madrid */,
				A04A94AF2BBDC44900B8D725 /* 240403 Turismo MadridTests */,
				A04A94B92BBDC44900B8D725 /* 240403 Turismo MadridUITests */,
			);
		};
/* End PBXProject section */

/* Begin PBXResourcesBuildPhase section */
		A04A949E2BBDC44800B8D725 /* Resources */ = {
			isa = PBXResourcesBuildPhase;
			buildActionMask = 2147483647;
			files = (
				A04A94AB2BBDC44900B8D725 /* Preview Assets.xcassets in Resources */,
				A04A94A82BBDC44900B8D725 /* Assets.xcassets in Resources */,
			);
			runOnlyForDeploymentPostprocessing = 0;
		};
		A04A94AE2BBDC44900B8D725 /* Resources */ = {
			isa = PBXResourcesBuildPhase;
			buildActionMask = 2147483647;
			files = (
			);
			runOnlyForDeploymentPostprocessing = 0;
		};
		A04A94B82BBDC44900B8D725 /* Resources */ = {
			isa = PBXResourcesBuildPhase;
			buildActionMask = 2147483647;
			files = (
			);
			runOnlyForDeploymentPostprocessing = 0;
		};
/* End PBXResourcesBuildPhase section */

/* Begin PBXSourcesBuildPhase section */
		A04A949C2BBDC44800B8D725 /* Sources */ = {
			isa = PBXSourcesBuildPhase;
			buildActionMask = 2147483647;
			files = (
				A04A94A62BBDC44800B8D725 /* ContentView.swift in Sources */,
				A04A94A42BBDC44800B8D725 /* _40403_Turismo_MadridApp.swift in Sources */,
				A04A94CE2BBDC4AA00B8D725 /* PuntoVisitado.swift in Sources */,
			);
			runOnlyForDeploymentPostprocessing = 0;
		};
		A04A94AC2BBDC44900B8D725 /* Sources */ = {
			isa = PBXSourcesBuildPhase;
			buildActionMask = 2147483647;
			files = (
				A04A94B52BBDC44900B8D725 /* _40403_Turismo_MadridTests.swift in Sources */,
			);
			runOnlyForDeploymentPostprocessing = 0;
		};
		A04A94B62BBDC44900B8D725 /* Sources */ = {
			isa = PBXSourcesBuildPhase;
			buildActionMask = 2147483647;
			files = (
				A04A94BF2BBDC44900B8D725 /* _40403_Turismo_MadridUITests.swift in Sources */,
				A04A94C12BBDC44900B8D725 /* _40403_Turismo_MadridUITestsLaunchTests.swift in Sources */,
			);
			runOnlyForDeploymentPostprocessing = 0;
		};
/* End PBXSourcesBuildPhase section */

/* Begin PBXTargetDependency section */
		A04A94B22BBDC44900B8D725 /* PBXTargetDependency */ = {
			isa = PBXTargetDependency;
			target = A04A949F2BBDC44800B8D725 /* 240403 Turismo Madrid */;
			targetProxy = A04A94B12BBDC44900B8D725 /* PBXContainerItemProxy */;
		};
		A04A94BC2BBDC44900B8D725 /* PBXTargetDependency */ = {
			isa = PBXTargetDependency;
			target = A04A949F2BBDC44800B8D725 /* 240403 Turismo Madrid */;
			targetProxy = A04A94BB2BBDC44900B8D725 /* PBXContainerItemProxy */;
		};
/* End PBXTargetDependency section */

/* Begin XCBuildConfiguration section */
		A04A94C22BBDC44900B8D725 /* Debug */ = {
			isa = XCBuildConfiguration;
			buildSettings = {
				ALWAYS_SEARCH_USER_PATHS = NO;
				CLANG_ANALYZER_NONNULL = YES;
				CLANG_ANALYZER_NUMBER_OBJECT_CONVERSION = YES_AGGRESSIVE;
				CLANG_CXX_LANGUAGE_STANDARD = "gnu++20";
				CLANG_ENABLE_MODULES = YES;
				CLANG_ENABLE_OBJC_ARC = YES;
				CLANG_ENABLE_OBJC_WEAK = YES;
				CLANG_WARN_BLOCK_CAPTURE_AUTORELEASING = YES;
				CLANG_WARN_BOOL_CONVERSION = YES;
				CLANG_WARN_COMMA = YES;
				CLANG_WARN_CONSTANT_CONVERSION = YES;
				CLANG_WARN_DEPRECATED_OBJC_IMPLEMENTATIONS = YES;
				CLANG_WARN_DIRECT_OBJC_ISA_USAGE = YES_ERROR;
				CLANG_WARN_DOCUMENTATION_COMMENTS = YES;
				CLANG_WARN_EMPTY_BODY = YES;
				CLANG_WARN_ENUM_CONVERSION = YES;
				CLANG_WARN_INFINITE_RECURSION = YES;
				CLANG_WARN_INT_CONVERSION = YES;
				CLANG_WARN_NON_LITERAL_NULL_CONVERSION = YES;
				CLANG_WARN_OBJC_IMPLICIT_RETAIN_SELF = YES;
				CLANG_WARN_OBJC_LITERAL_CONVERSION = YES;
				CLANG_WARN_OBJC_ROOT_CLASS = YES_ERROR;
				CLANG_WARN_QUOTED_INCLUDE_IN_FRAMEWORK_HEADER = YES;
				CLANG_WARN_RANGE_LOOP_ANALYSIS = YES;
				CLANG_WARN_STRICT_PROTOTYPES = YES;
				CLANG_WARN_SUSPICIOUS_MOVE = YES;
				CLANG_WARN_UNGUARDED_AVAILABILITY = YES_AGGRESSIVE;
				CLANG_WARN_UNREACHABLE_CODE = YES;
				CLANG_WARN__DUPLICATE_METHOD_MATCH = YES;
				COPY_PHASE_STRIP = NO;
				DEBUG_INFORMATION_FORMAT = dwarf;
				ENABLE_STRICT_OBJC_MSGSEND = YES;
				ENABLE_TESTABILITY = YES;
				GCC_C_LANGUAGE_STANDARD = gnu11;
				GCC_DYNAMIC_NO_PIC = NO;
				GCC_NO_COMMON_BLOCKS = YES;
				GCC_OPTIMIZATION_LEVEL = 0;
				GCC_PREPROCESSOR_DEFINITIONS = (
					"DEBUG=1",
					"$(inherited)",
				);
				GCC_WARN_64_TO_32_BIT_CONVERSION = YES;
				GCC_WARN_ABOUT_RETURN_TYPE = YES_ERROR;
				GCC_WARN_UNDECLARED_SELECTOR = YES;
				GCC_WARN_UNINITIALIZED_AUTOS = YES_AGGRESSIVE;
				GCC_WARN_UNUSED_FUNCTION = YES;
				GCC_WARN_UNUSED_VARIABLE = YES;
				IPHONEOS_DEPLOYMENT_TARGET = 16.2;
				MTL_ENABLE_DEBUG_INFO = INCLUDE_SOURCE;
				MTL_FAST_MATH = YES;
				ONLY_ACTIVE_ARCH = YES;
				SDKROOT = iphoneos;
				SWIFT_ACTIVE_COMPILATION_CONDITIONS = DEBUG;
				SWIFT_OPTIMIZATION_LEVEL = "-Onone";
			};
			name = Debug;
		};
		A04A94C32BBDC44900B8D725 /* Release */ = {
			isa = XCBuildConfiguration;
			buildSettings = {
				ALWAYS_SEARCH_USER_PATHS = NO;
				CLANG_ANALYZER_NONNULL = YES;
				CLANG_ANALYZER_NUMBER_OBJECT_CONVERSION = YES_AGGRESSIVE;
				CLANG_CXX_LANGUAGE_STANDARD = "gnu++20";
				CLANG_ENABLE_MODULES = YES;
				CLANG_ENABLE_OBJC_ARC = YES;
				CLANG_ENABLE_OBJC_WEAK = YES;
				CLANG_WARN_BLOCK_CAPTURE_AUTORELEASING = YES;
				CLANG_WARN_BOOL_CONVERSION = YES;
				CLANG_WARN_COMMA = YES;
				CLANG_WARN_CONSTANT_CONVERSION = YES;
				CLANG_WARN_DEPRECATED_OBJC_IMPLEMENTATIONS = YES;
				CLANG_WARN_DIRECT_OBJC_ISA_USAGE = YES_ERROR;
				CLANG_WARN_DOCUMENTATION_COMMENTS = YES;
				CLANG_WARN_EMPTY_BODY = YES;
				CLANG_WARN_ENUM_CONVERSION = YES;
				CLANG_WARN_INFINITE_RECURSION = YES;
				CLANG_WARN_INT_CONVERSION = YES;
				CLANG_WARN_NON_LITERAL_NULL_CONVERSION = YES;
				CLANG_WARN_OBJC_IMPLICIT_RETAIN_SELF = YES;
				CLANG_WARN_OBJC_LITERAL_CONVERSION = YES;
				CLANG_WARN_OBJC_ROOT_CLASS = YES_ERROR;
				CLANG_WARN_QUOTED_INCLUDE_IN_FRAMEWORK_HEADER = YES;
				CLANG_WARN_RANGE_LOOP_ANALYSIS = YES;
				CLANG_WARN_STRICT_PROTOTYPES = YES;
				CLANG_WARN_SUSPICIOUS_MOVE = YES;
				CLANG_WARN_UNGUARDED_AVAILABILITY = YES_AGGRESSIVE;
				CLANG_WARN_UNREACHABLE_CODE = YES;
				CLANG_WARN__DUPLICATE_METHOD_MATCH = YES;
				COPY_PHASE_STRIP = NO;
				DEBUG_INFORMATION_FORMAT = "dwarf-with-dsym";
				ENABLE_NS_ASSERTIONS = NO;
				ENABLE_STRICT_OBJC_MSGSEND = YES;
				GCC_C_LANGUAGE_STANDARD = gnu11;
				GCC_NO_COMMON_BLOCKS = YES;
				GCC_WARN_64_TO_32_BIT_CONVERSION = YES;
				GCC_WARN_ABOUT_RETURN_TYPE = YES_ERROR;
				GCC_WARN_UNDECLARED_SELECTOR = YES;
				GCC_WARN_UNINITIALIZED_AUTOS = YES_AGGRESSIVE;
				GCC_WARN_UNUSED_FUNCTION = YES;
				GCC_WARN_UNUSED_VARIABLE = YES;
				IPHONEOS_DEPLOYMENT_TARGET = 16.2;
				MTL_ENABLE_DEBUG_INFO = NO;
				MTL_FAST_MATH = YES;
				SDKROOT = iphoneos;
				SWIFT_COMPILATION_MODE = wholemodule;
				SWIFT_OPTIMIZATION_LEVEL = "-O";
				VALIDATE_PRODUCT = YES;
			};
			name = Release;
		};
		A04A94C52BBDC44900B8D725 /* Debug */ = {
			isa = XCBuildConfiguration;
			buildSettings = {
				ASSETCATALOG_COMPILER_APPICON_NAME = AppIcon;
				ASSETCATALOG_COMPILER_GLOBAL_ACCENT_COLOR_NAME = AccentColor;
				CODE_SIGN_STYLE = Automatic;
				CURRENT_PROJECT_VERSION = 1;
				DEVELOPMENT_ASSET_PATHS = "\"240403 Turismo Madrid/Preview Content\"";
				ENABLE_PREVIEWS = YES;
				GENERATE_INFOPLIST_FILE = YES;
				INFOPLIST_KEY_UIApplicationSceneManifest_Generation = YES;
				INFOPLIST_KEY_UIApplicationSupportsIndirectInputEvents = YES;
				INFOPLIST_KEY_UILaunchScreen_Generation = YES;
				INFOPLIST_KEY_UISupportedInterfaceOrientations_iPad = "UIInterfaceOrientationPortrait UIInterfaceOrientationPortraitUpsideDown UIInterfaceOrientationLandscapeLeft UIInterfaceOrientationLandscapeRight";
				INFOPLIST_KEY_UISupportedInterfaceOrientations_iPhone = "UIInterfaceOrientationPortrait UIInterfaceOrientationLandscapeLeft UIInterfaceOrientationLandscapeRight";
				LD_RUNPATH_SEARCH_PATHS = (
					"$(inherited)",
					"@executable_path/Frameworks",
				);
				MARKETING_VERSION = 1.0;
				PRODUCT_BUNDLE_IDENTIFIER = "lpg.-40403-Turismo-Madrid";
				PRODUCT_NAME = "$(TARGET_NAME)";
				SWIFT_EMIT_LOC_STRINGS = YES;
				SWIFT_VERSION = 5.0;
				TARGETED_DEVICE_FAMILY = "1,2";
			};
			name = Debug;
		};
		A04A94C62BBDC44900B8D725 /* Release */ = {
			isa = XCBuildConfiguration;
			buildSettings = {
				ASSETCATALOG_COMPILER_APPICON_NAME = AppIcon;
				ASSETCATALOG_COMPILER_GLOBAL_ACCENT_COLOR_NAME = AccentColor;
				CODE_SIGN_STYLE = Automatic;
				CURRENT_PROJECT_VERSION = 1;
				DEVELOPMENT_ASSET_PATHS = "\"240403 Turismo Madrid/Preview Content\"";
				ENABLE_PREVIEWS = YES;
				GENERATE_INFOPLIST_FILE = YES;
				INFOPLIST_KEY_UIApplicationSceneManifest_Generation = YES;
				INFOPLIST_KEY_UIApplicationSupportsIndirectInputEvents = YES;
				INFOPLIST_KEY_UILaunchScreen_Generation = YES;
				INFOPLIST_KEY_UISupportedInterfaceOrientations_iPad = "UIInterfaceOrientationPortrait UIInterfaceOrientationPortraitUpsideDown UIInterfaceOrientationLandscapeLeft UIInterfaceOrientationLandscapeRight";
				INFOPLIST_KEY_UISupportedInterfaceOrientations_iPhone = "UIInterfaceOrientationPortrait UIInterfaceOrientationLandscapeLeft UIInterfaceOrientationLandscapeRight";
				LD_RUNPATH_SEARCH_PATHS = (
					"$(inherited)",
					"@executable_path/Frameworks",
				);
				MARKETING_VERSION = 1.0;
				PRODUCT_BUNDLE_IDENTIFIER = "lpg.-40403-Turismo-Madrid";
				PRODUCT_NAME = "$(TARGET_NAME)";
				SWIFT_EMIT_LOC_STRINGS = YES;
				SWIFT_VERSION = 5.0;
				TARGETED_DEVICE_FAMILY = "1,2";
			};
			name = Release;
		};
		A04A94C82BBDC44900B8D725 /* Debug */ = {
			isa = XCBuildConfiguration;
			buildSettings = {
				ALWAYS_EMBED_SWIFT_STANDARD_LIBRARIES = YES;
				BUNDLE_LOADER = "$(TEST_HOST)";
				CODE_SIGN_STYLE = Automatic;
				CURRENT_PROJECT_VERSION = 1;
				GENERATE_INFOPLIST_FILE = YES;
				IPHONEOS_DEPLOYMENT_TARGET = 16.2;
				MARKETING_VERSION = 1.0;
				PRODUCT_BUNDLE_IDENTIFIER = "lpg.-40403-Turismo-MadridTests";
				PRODUCT_NAME = "$(TARGET_NAME)";
				SWIFT_EMIT_LOC_STRINGS = NO;
				SWIFT_VERSION = 5.0;
				TARGETED_DEVICE_FAMILY = "1,2";
				TEST_HOST = "$(BUILT_PRODUCTS_DIR)/240403 Turismo Madrid.app/$(BUNDLE_EXECUTABLE_FOLDER_PATH)/240403 Turismo Madrid";
			};
			name = Debug;
		};
		A04A94C92BBDC44900B8D725 /* Release */ = {
			isa = XCBuildConfiguration;
			buildSettings = {
				ALWAYS_EMBED_SWIFT_STANDARD_LIBRARIES = YES;
				BUNDLE_LOADER = "$(TEST_HOST)";
				CODE_SIGN_STYLE = Automatic;
				CURRENT_PROJECT_VERSION = 1;
				GENERATE_INFOPLIST_FILE = YES;
				IPHONEOS_DEPLOYMENT_TARGET = 16.2;
				MARKETING_VERSION = 1.0;
				PRODUCT_BUNDLE_IDENTIFIER = "lpg.-40403-Turismo-MadridTests";
				PRODUCT_NAME = "$(TARGET_NAME)";
				SWIFT_EMIT_LOC_STRINGS = NO;
				SWIFT_VERSION = 5.0;
				TARGETED_DEVICE_FAMILY = "1,2";
				TEST_HOST = "$(BUILT_PRODUCTS_DIR)/240403 Turismo Madrid.app/$(BUNDLE_EXECUTABLE_FOLDER_PATH)/240403 Turismo Madrid";
			};
			name = Release;
		};
		A04A94CB2BBDC44900B8D725 /* Debug */ = {
			isa = XCBuildConfiguration;
			buildSettings = {
				ALWAYS_EMBED_SWIFT_STANDARD_LIBRARIES = YES;
				CODE_SIGN_STYLE = Automatic;
				CURRENT_PROJECT_VERSION = 1;
				GENERATE_INFOPLIST_FILE = YES;
				MARKETING_VERSION = 1.0;
				PRODUCT_BUNDLE_IDENTIFIER = "lpg.-40403-Turismo-MadridUITests";
				PRODUCT_NAME = "$(TARGET_NAME)";
				SWIFT_EMIT_LOC_STRINGS = NO;
				SWIFT_VERSION = 5.0;
				TARGETED_DEVICE_FAMILY = "1,2";
				TEST_TARGET_NAME = "240403 Turismo Madrid";
			};
			name = Debug;
		};
		A04A94CC2BBDC44900B8D725 /* Release */ = {
			isa = XCBuildConfiguration;
			buildSettings = {
				ALWAYS_EMBED_SWIFT_STANDARD_LIBRARIES = YES;
				CODE_SIGN_STYLE = Automatic;
				CURRENT_PROJECT_VERSION = 1;
				GENERATE_INFOPLIST_FILE = YES;
				MARKETING_VERSION = 1.0;
				PRODUCT_BUNDLE_IDENTIFIER = "lpg.-40403-Turismo-MadridUITests";
				PRODUCT_NAME = "$(TARGET_NAME)";
				SWIFT_EMIT_LOC_STRINGS = NO;
				SWIFT_VERSION = 5.0;
				TARGETED_DEVICE_FAMILY = "1,2";
				TEST_TARGET_NAME = "240403 Turismo Madrid";
			};
			name = Release;
		};
/* End XCBuildConfiguration section */

/* Begin XCConfigurationList section */
		A04A949B2BBDC44800B8D725 /* Build configuration list for PBXProject "240403 Turismo Madrid" */ = {
			isa = XCConfigurationList;
			buildConfigurations = (
				A04A94C22BBDC44900B8D725 /* Debug */,
				A04A94C32BBDC44900B8D725 /* Release */,
			);
			defaultConfigurationIsVisible = 0;
			defaultConfigurationName = Release;
		};
		A04A94C42BBDC44900B8D725 /* Build configuration list for PBXNativeTarget "240403 Turismo Madrid" */ = {
			isa = XCConfigurationList;
			buildConfigurations = (
				A04A94C52BBDC44900B8D725 /* Debug */,
				A04A94C62BBDC44900B8D725 /* Release */,
			);
			defaultConfigurationIsVisible = 0;
			defaultConfigurationName = Release;
		};
		A04A94C72BBDC44900B8D725 /* Build configuration list for PBXNativeTarget "240403 Turismo MadridTests" */ = {
			isa = XCConfigurationList;
			buildConfigurations = (
				A04A94C82BBDC44900B8D725 /* Debug */,
				A04A94C92BBDC44900B8D725 /* Release */,
			);
			defaultConfigurationIsVisible = 0;
			defaultConfigurationName = Release;
		};
		A04A94CA2BBDC44900B8D725 /* Build configuration list for PBXNativeTarget "240403 Turismo MadridUITests" */ = {
			isa = XCConfigurationList;
			buildConfigurations = (
				A04A94CB2BBDC44900B8D725 /* Debug */,
				A04A94CC2BBDC44900B8D725 /* Release */,
			);
			defaultConfigurationIsVisible = 0;
			defaultConfigurationName = Release;
		};
/* End XCConfigurationList section */
	};
	rootObject = A04A94982BBDC44800B8D725 /* Project object */;
}
